
Microsoft Visual Studio Solution File, Format Version 10.00
# Visual Studio 2008
Project("{FAE04EC0-301F-11D3-BF4B-00C04F79EFBC}") = "GoogleNest", "GoogleNest\GoogleNest.csproj", "{A6EA8E85-A0D4-489D-8831-0D3C3E2EEF2B}"
EndProject
Global
	GlobalSection(SolutionConfigurationPlatforms) = preSolution
		Debug|Any CPU = Debug|Any CPU
		Release|Any CPU = Release|Any CPU
	EndGlobalSection
	GlobalSection(ProjectConfigurationPlatforms) = postSolution
		{A6EA8E85-A0D4-489D-8831-0D3C3E2EEF2B}.Debug|Any CPU.ActiveCfg = Debug|Any CPU
		{A6EA8E85-A0D4-489D-8831-0D3C3E2EEF2B}.Debug|Any CPU.Build.0 = Debug|Any CPU
		{A6EA8E85-A0D4-489D-8831-0D3C3E2EEF2B}.Release|Any CPU.ActiveCfg = Release|Any CPU
		{A6EA8E85-A0D4-489D-8831-0D3C3E2EEF2B}.Release|Any CPU.Build.0 = Release|Any CPU
	EndGlobalSection
	GlobalSection(SolutionProperties) = preSolution
		HideSolutionNode = FALSE
	EndGlobalSection
EndGlobal
